// !$*UTF8*$!
{
	archiveVersion = 1;
	classes = {
	};
	objectVersion = 56;
	objects = {

/* Begin PBXBuildFile section */
		AB04606E2C152D8E00A8D9CC /* AppDelegate.swift in Sources */ = {isa = PBXBuildFile; fileRef = AB04606D2C152D8E00A8D9CC /* AppDelegate.swift */; };
		AB0460702C152D8E00A8D9CC /* SceneDelegate.swift in Sources */ = {isa = PBXBuildFile; fileRef = AB04606F2C152D8E00A8D9CC /* SceneDelegate.swift */; };
		AB0460722C152D8E00A8D9CC /* ViewController.swift in Sources */ = {isa = PBXBuildFile; fileRef = AB0460712C152D8E00A8D9CC /* ViewController.swift */; };
		AB0460752C152D8E00A8D9CC /* Base in Resources */ = {isa = PBXBuildFile; fileRef = AB0460742C152D8E00A8D9CC /* Base */; };
		AB0460772C152D9000A8D9CC /* Assets.xcassets in Resources */ = {isa = PBXBuildFile; fileRef = AB0460762C152D9000A8D9CC /* Assets.xcassets */; };
		AB04607A2C152D9000A8D9CC /* Base in Resources */ = {isa = PBXBuildFile; fileRef = AB0460792C152D9000A8D9CC /* Base */; };
		AB0460822C152DBF00A8D9CC /* opencv2.framework in Frameworks */ = {isa = PBXBuildFile; fileRef = AB0460812C152DBF00A8D9CC /* opencv2.framework */; };
		AB0460842C152E6B00A8D9CC /* FaceOverlayView.swift in Sources */ = {isa = PBXBuildFile; fileRef = AB0460832C152E6B00A8D9CC /* FaceOverlayView.swift */; };
		AB0460862C152ED000A8D9CC /* haarcascade_frontalface_default.xml in Resources */ = {isa = PBXBuildFile; fileRef = AB0460852C152ED000A8D9CC /* haarcascade_frontalface_default.xml */; };
		AB04608A2C15309A00A8D9CC /* OpenCVWrapper.mm in Sources */ = {isa = PBXBuildFile; fileRef = AB0460892C15309A00A8D9CC /* OpenCVWrapper.mm */; };
/* End PBXBuildFile section */

/* Begin PBXFileReference section */
		AB04606A2C152D8E00A8D9CC /* myiosappopencv.app */ = {isa = PBXFileReference; explicitFileType = wrapper.application; includeInIndex = 0; path = myiosappopencv.app; sourceTree = BUILT_PRODUCTS_DIR; };
		AB04606D2C152D8E00A8D9CC /* AppDelegate.swift */ = {isa = PBXFileReference; lastKnownFileType = sourcecode.swift; path = AppDelegate.swift; sourceTree = "<group>"; };
		AB04606F2C152D8E00A8D9CC /* SceneDelegate.swift */ = {isa = PBXFileReference; lastKnownFileType = sourcecode.swift; path = SceneDelegate.swift; sourceTree = "<group>"; };
		AB0460712C152D8E00A8D9CC /* ViewController.swift */ = {isa = PBXFileReference; lastKnownFileType = sourcecode.swift; path = ViewController.swift; sourceTree = "<group>"; };
		AB0460742C152D8E00A8D9CC /* Base */ = {isa = PBXFileReference; lastKnownFileType = file.storyboard; name = Base; path = Base.lproj/Main.storyboard; sourceTree = "<group>"; };
		AB0460762C152D9000A8D9CC /* Assets.xcassets */ = {isa = PBXFileReference; lastKnownFileType = folder.assetcatalog; path = Assets.xcassets; sourceTree = "<group>"; };
		AB0460792C152D9000A8D9CC /* Base */ = {isa = PBXFileReference; lastKnownFileType = file.storyboard; name = Base; path = Base.lproj/LaunchScreen.storyboard; sourceTree = "<group>"; };
		AB04607B2C152D9000A8D9CC /* Info.plist */ = {isa = PBXFileReference; lastKnownFileType = text.plist.xml; path = Info.plist; sourceTree = "<group>"; };
		AB0460812C152DBF00A8D9CC /* opencv2.framework */ = {isa = PBXFileReference; lastKnownFileType = wrapper.framework; path = opencv2.framework; sourceTree = "<group>"; };
		AB0460832C152E6B00A8D9CC /* FaceOverlayView.swift */ = {isa = PBXFileReference; lastKnownFileType = sourcecode.swift; path = FaceOverlayView.swift; sourceTree = "<group>"; };
		AB0460852C152ED000A8D9CC /* haarcascade_frontalface_default.xml */ = {isa = PBXFileReference; lastKnownFileType = text.xml; path = haarcascade_frontalface_default.xml; sourceTree = "<group>"; };
		AB0460872C15309000A8D9CC /* OpenCVWrapper.h */ = {isa = PBXFileReference; lastKnownFileType = sourcecode.c.h; path = OpenCVWrapper.h; sourceTree = "<group>"; };
		AB0460882C15309A00A8D9CC /* myiosappopencv-Bridging-Header.h */ = {isa = PBXFileReference; lastKnownFileType = sourcecode.c.h; path = "myiosappopencv-Bridging-Header.h"; sourceTree = "<group>"; };
		AB0460892C15309A00A8D9CC /* OpenCVWrapper.mm */ = {isa = PBXFileReference; lastKnownFileType = sourcecode.cpp.objcpp; path = OpenCVWrapper.mm; sourceTree = "<group>"; };
		AB04608B2C1530F000A8D9CC /* PrefixHeader.pch */ = {isa = PBXFileReference; lastKnownFileType = sourcecode.c.h; path = PrefixHeader.pch; sourceTree = "<group>"; };
/* End PBXFileReference section */

/* Begin PBXFrameworksBuildPhase section */
		AB0460672C152D8E00A8D9CC /* Frameworks */ = {
			isa = PBXFrameworksBuildPhase;
			buildActionMask = 2147483647;
			files = (
				AB0460822C152DBF00A8D9CC /* opencv2.framework in Frameworks */,
			);
			runOnlyForDeploymentPostprocessing = 0;
		};
/* End PBXFrameworksBuildPhase section */

/* Begin PBXGroup section */
		AB0460612C152D8E00A8D9CC = {
			isa = PBXGroup;
			children = (
				AB04606C2C152D8E00A8D9CC /* myiosappopencv */,
				AB04606B2C152D8E00A8D9CC /* Products */,
			);
			sourceTree = "<group>";
		};
		AB04606B2C152D8E00A8D9CC /* Products */ = {
			isa = PBXGroup;
			children = (
				AB04606A2C152D8E00A8D9CC /* myiosappopencv.app */,
			);
			name = Products;
			sourceTree = "<group>";
		};
		AB04606C2C152D8E00A8D9CC /* myiosappopencv */ = {
			isa = PBXGroup;
			children = (
				AB04606D2C152D8E00A8D9CC /* AppDelegate.swift */,
				AB0460812C152DBF00A8D9CC /* opencv2.framework */,
				AB04606F2C152D8E00A8D9CC /* SceneDelegate.swift */,
				AB0460712C152D8E00A8D9CC /* ViewController.swift */,
				AB0460732C152D8E00A8D9CC /* Main.storyboard */,
				AB0460762C152D9000A8D9CC /* Assets.xcassets */,
				AB0460782C152D9000A8D9CC /* LaunchScreen.storyboard */,
				AB04607B2C152D9000A8D9CC /* Info.plist */,
				AB0460832C152E6B00A8D9CC /* FaceOverlayView.swift */,
				AB0460852C152ED000A8D9CC /* haarcascade_frontalface_default.xml */,
				AB0460872C15309000A8D9CC /* OpenCVWrapper.h */,
				AB0460892C15309A00A8D9CC /* OpenCVWrapper.mm */,
				AB0460882C15309A00A8D9CC /* myiosappopencv-Bridging-Header.h */,
				AB04608B2C1530F000A8D9CC /* PrefixHeader.pch */,
			);
			path = myiosappopencv;
			sourceTree = "<group>";
		};
/* End PBXGroup section */

/* Begin PBXNativeTarget section */
		AB0460692C152D8E00A8D9CC /* myiosappopencv */ = {
			isa = PBXNativeTarget;
			buildConfigurationList = AB04607E2C152D9000A8D9CC /* Build configuration list for PBXNativeTarget "myiosappopencv" */;
			buildPhases = (
				AB0460662C152D8E00A8D9CC /* Sources */,
				AB0460672C152D8E00A8D9CC /* Frameworks */,
				AB0460682C152D8E00A8D9CC /* Resources */,
			);
			buildRules = (
			);
			dependencies = (
			);
			name = myiosappopencv;
			productName = myiosappopencv;
			productReference = AB04606A2C152D8E00A8D9CC /* myiosappopencv.app */;
			productType = "com.apple.product-type.application";
		};
/* End PBXNativeTarget section */

/* Begin PBXProject section */
		AB0460622C152D8E00A8D9CC /* Project object */ = {
			isa = PBXProject;
			attributes = {
				BuildIndependentTargetsInParallel = 1;
				LastSwiftUpdateCheck = 1540;
				LastUpgradeCheck = 1540;
				TargetAttributes = {
					AB0460692C152D8E00A8D9CC = {
						CreatedOnToolsVersion = 15.4;
						LastSwiftMigration = 1540;
					};
				};
			};
			buildConfigurationList = AB0460652C152D8E00A8D9CC /* Build configuration list for PBXProject "myiosappopencv" */;
			compatibilityVersion = "Xcode 14.0";
			developmentRegion = en;
			hasScannedForEncodings = 0;
			knownRegions = (
				en,
				Base,
			);
			mainGroup = AB0460612C152D8E00A8D9CC;
			productRefGroup = AB04606B2C152D8E00A8D9CC /* Products */;
			projectDirPath = "";
			projectRoot = "";
			targets = (
				AB0460692C152D8E00A8D9CC /* myiosappopencv */,
			);
		};
/* End PBXProject section */

/* Begin PBXResourcesBuildPhase section */
		AB0460682C152D8E00A8D9CC /* Resources */ = {
			isa = PBXResourcesBuildPhase;
			buildActionMask = 2147483647;
			files = (
				AB0460772C152D9000A8D9CC /* Assets.xcassets in Resources */,
				AB04607A2C152D9000A8D9CC /* Base in Resources */,
				AB0460862C152ED000A8D9CC /* haarcascade_frontalface_default.xml in Resources */,
				AB0460752C152D8E00A8D9CC /* Base in Resources */,
			);
			runOnlyForDeploymentPostprocessing = 0;
		};
/* End PBXResourcesBuildPhase section */

/* Begin PBXSourcesBuildPhase section */
		AB0460662C152D8E00A8D9CC /* Sources */ = {
			isa = PBXSourcesBuildPhase;
			buildActionMask = 2147483647;
			files = (
				AB0460842C152E6B00A8D9CC /* FaceOverlayView.swift in Sources */,
				AB04608A2C15309A00A8D9CC /* OpenCVWrapper.mm in Sources */,
				AB0460722C152D8E00A8D9CC /* ViewController.swift in Sources */,
				AB04606E2C152D8E00A8D9CC /* AppDelegate.swift in Sources */,
				AB0460702C152D8E00A8D9CC /* SceneDelegate.swift in Sources */,
			);
			runOnlyForDeploymentPostprocessing = 0;
		};
/* End PBXSourcesBuildPhase section */

/* Begin PBXVariantGroup section */
		AB0460732C152D8E00A8D9CC /* Main.storyboard */ = {
			isa = PBXVariantGroup;
			children = (
				AB0460742C152D8E00A8D9CC /* Base */,
			);
			name = Main.storyboard;
			sourceTree = "<group>";
		};
		AB0460782C152D9000A8D9CC /* LaunchScreen.storyboard */ = {
			isa = PBXVariantGroup;
			children = (
				AB0460792C152D9000A8D9CC /* Base */,
			);
			name = LaunchScreen.storyboard;
			sourceTree = "<group>";
		};
/* End PBXVariantGroup section */

/* Begin XCBuildConfiguration section */
		AB04607C2C152D9000A8D9CC /* Debug */ = {
			isa = XCBuildConfiguration;
			buildSettings = {
				ALWAYS_SEARCH_USER_PATHS = NO;
				ASSETCATALOG_COMPILER_GENERATE_SWIFT_ASSET_SYMBOL_EXTENSIONS = YES;
				CLANG_ANALYZER_NONNULL = YES;
				CLANG_ANALYZER_NUMBER_OBJECT_CONVERSION = YES_AGGRESSIVE;
				CLANG_CXX_LANGUAGE_STANDARD = "gnu++20";
				CLANG_ENABLE_MODULES = YES;
				CLANG_ENABLE_OBJC_ARC = YES;
				CLANG_ENABLE_OBJC_WEAK = YES;
				CLANG_WARN_BLOCK_CAPTURE_AUTORELEASING = YES;
				CLANG_WARN_BOOL_CONVERSION = YES;
				CLANG_WARN_COMMA = YES;
				CLANG_WARN_CONSTANT_CONVERSION = YES;
				CLANG_WARN_DEPRECATED_OBJC_IMPLEMENTATIONS = YES;
				CLANG_WARN_DIRECT_OBJC_ISA_USAGE = YES_ERROR;
				CLANG_WARN_DOCUMENTATION_COMMENTS = YES;
				CLANG_WARN_EMPTY_BODY = YES;
				CLANG_WARN_ENUM_CONVERSION = YES;
				CLANG_WARN_INFINITE_RECURSION = YES;
				CLANG_WARN_INT_CONVERSION = YES;
				CLANG_WARN_NON_LITERAL_NULL_CONVERSION = YES;
				CLANG_WARN_OBJC_IMPLICIT_RETAIN_SELF = YES;
				CLANG_WARN_OBJC_LITERAL_CONVERSION = YES;
				CLANG_WARN_OBJC_ROOT_CLASS = YES_ERROR;
				CLANG_WARN_QUOTED_INCLUDE_IN_FRAMEWORK_HEADER = YES;
				CLANG_WARN_RANGE_LOOP_ANALYSIS = YES;
				CLANG_WARN_STRICT_PROTOTYPES = YES;
				CLANG_WARN_SUSPICIOUS_MOVE = YES;
				CLANG_WARN_UNGUARDED_AVAILABILITY = YES_AGGRESSIVE;
				CLANG_WARN_UNREACHABLE_CODE = YES;
				CLANG_WARN__DUPLICATE_METHOD_MATCH = YES;
				COPY_PHASE_STRIP = NO;
				DEBUG_INFORMATION_FORMAT = dwarf;
				ENABLE_STRICT_OBJC_MSGSEND = YES;
				ENABLE_TESTABILITY = YES;
				ENABLE_USER_SCRIPT_SANDBOXING = YES;
				GCC_C_LANGUAGE_STANDARD = gnu17;
				GCC_DYNAMIC_NO_PIC = NO;
				GCC_NO_COMMON_BLOCKS = YES;
				GCC_OPTIMIZATION_LEVEL = 0;
				GCC_PRECOMPILE_PREFIX_HEADER = YES;
				GCC_PREFIX_HEADER = "$(SRCROOT)/myiosappopencv/PrefixHeader.pch";
				GCC_PREPROCESSOR_DEFINITIONS = (
					"DEBUG=1",
					"$(inherited)",
				);
				GCC_WARN_64_TO_32_BIT_CONVERSION = YES;
				GCC_WARN_ABOUT_RETURN_TYPE = YES_ERROR;
				GCC_WARN_UNDECLARED_SELECTOR = YES;
				GCC_WARN_UNINITIALIZED_AUTOS = YES_AGGRESSIVE;
				GCC_WARN_UNUSED_FUNCTION = YES;
				GCC_WARN_UNUSED_VARIABLE = YES;
				IPHONEOS_DEPLOYMENT_TARGET = 16.0;
				LOCALIZATION_PREFERS_STRING_CATALOGS = YES;
				MTL_ENABLE_DEBUG_INFO = INCLUDE_SOURCE;
				MTL_FAST_MATH = YES;
				ONLY_ACTIVE_ARCH = YES;
				SDKROOT = iphoneos;
				SWIFT_ACTIVE_COMPILATION_CONDITIONS = "DEBUG $(inherited)";
				SWIFT_OPTIMIZATION_LEVEL = "-Onone";
			};
			name = Debug;
		};
		AB04607D2C152D9000A8D9CC /* Release */ = {
			isa = XCBuildConfiguration;
			buildSettings = {
				ALWAYS_SEARCH_USER_PATHS = NO;
				ASSETCATALOG_COMPILER_GENERATE_SWIFT_ASSET_SYMBOL_EXTENSIONS = YES;
				CLANG_ANALYZER_NONNULL = YES;
				CLANG_ANALYZER_NUMBER_OBJECT_CONVERSION = YES_AGGRESSIVE;
				CLANG_CXX_LANGUAGE_STANDARD = "gnu++20";
				CLANG_ENABLE_MODULES = YES;
				CLANG_ENABLE_OBJC_ARC = YES;
				CLANG_ENABLE_OBJC_WEAK = YES;
				CLANG_WARN_BLOCK_CAPTURE_AUTORELEASING = YES;
				CLANG_WARN_BOOL_CONVERSION = YES;
				CLANG_WARN_COMMA = YES;
				CLANG_WARN_CONSTANT_CONVERSION = YES;
				CLANG_WARN_DEPRECATED_OBJC_IMPLEMENTATIONS = YES;
				CLANG_WARN_DIRECT_OBJC_ISA_USAGE = YES_ERROR;
				CLANG_WARN_DOCUMENTATION_COMMENTS = YES;
				CLANG_WARN_EMPTY_BODY = YES;
				CLANG_WARN_ENUM_CONVERSION = YES;
				CLANG_WARN_INFINITE_RECURSION = YES;
				CLANG_WARN_INT_CONVERSION = YES;
				CLANG_WARN_NON_LITERAL_NULL_CONVERSION = YES;
				CLANG_WARN_OBJC_IMPLICIT_RETAIN_SELF = YES;
				CLANG_WARN_OBJC_LITERAL_CONVERSION = YES;
				CLANG_WARN_OBJC_ROOT_CLASS = YES_ERROR;
				CLANG_WARN_QUOTED_INCLUDE_IN_FRAMEWORK_HEADER = YES;
				CLANG_WARN_RANGE_LOOP_ANALYSIS = YES;
				CLANG_WARN_STRICT_PROTOTYPES = YES;
				CLANG_WARN_SUSPICIOUS_MOVE = YES;
				CLANG_WARN_UNGUARDED_AVAILABILITY = YES_AGGRESSIVE;
				CLANG_WARN_UNREACHABLE_CODE = YES;
				CLANG_WARN__DUPLICATE_METHOD_MATCH = YES;
				COPY_PHASE_STRIP = NO;
				DEBUG_INFORMATION_FORMAT = "dwarf-with-dsym";
				ENABLE_NS_ASSERTIONS = NO;
				ENABLE_STRICT_OBJC_MSGSEND = YES;
				ENABLE_USER_SCRIPT_SANDBOXING = YES;
				GCC_C_LANGUAGE_STANDARD = gnu17;
				GCC_NO_COMMON_BLOCKS = YES;
				GCC_PRECOMPILE_PREFIX_HEADER = YES;
				GCC_PREFIX_HEADER = "$(SRCROOT)/myiosappopencv/PrefixHeader.pch";
				GCC_WARN_64_TO_32_BIT_CONVERSION = YES;
				GCC_WARN_ABOUT_RETURN_TYPE = YES_ERROR;
				GCC_WARN_UNDECLARED_SELECTOR = YES;
				GCC_WARN_UNINITIALIZED_AUTOS = YES_AGGRESSIVE;
				GCC_WARN_UNUSED_FUNCTION = YES;
				GCC_WARN_UNUSED_VARIABLE = YES;
				IPHONEOS_DEPLOYMENT_TARGET = 16.0;
				LOCALIZATION_PREFERS_STRING_CATALOGS = YES;
				MTL_ENABLE_DEBUG_INFO = NO;
				MTL_FAST_MATH = YES;
				SDKROOT = iphoneos;
				SWIFT_COMPILATION_MODE = wholemodule;
				VALIDATE_PRODUCT = YES;
			};
			name = Release;
		};
		AB04607F2C152D9000A8D9CC /* Debug */ = {
			isa = XCBuildConfiguration;
			buildSettings = {
				ASSETCATALOG_COMPILER_APPICON_NAME = AppIcon;
				ASSETCATALOG_COMPILER_GLOBAL_ACCENT_COLOR_NAME = AccentColor;
				CLANG_ENABLE_MODULES = YES;
				CODE_SIGN_STYLE = Automatic;
				CURRENT_PROJECT_VERSION = 1;
				DEVELOPMENT_TEAM = 8Q88B239RG;
				FRAMEWORK_SEARCH_PATHS = (
					"$(inherited)",
					"$(PROJECT_DIR)/myiosappopencv",
				);
				GENERATE_INFOPLIST_FILE = YES;
				INFOPLIST_FILE = myiosappopencv/Info.plist;
				INFOPLIST_KEY_UIApplicationSupportsIndirectInputEvents = YES;
				INFOPLIST_KEY_UILaunchStoryboardName = LaunchScreen;
				INFOPLIST_KEY_UIMainStoryboardFile = Main;
				INFOPLIST_KEY_UISupportedInterfaceOrientations_iPad = "UIInterfaceOrientationPortrait UIInterfaceOrientationPortraitUpsideDown UIInterfaceOrientationLandscapeLeft UIInterfaceOrientationLandscapeRight";
				INFOPLIST_KEY_UISupportedInterfaceOrientations_iPhone = "UIInterfaceOrientationPortrait UIInterfaceOrientationLandscapeLeft UIInterfaceOrientationLandscapeRight";
				IPHONEOS_DEPLOYMENT_TARGET = 16.0;
				LD_RUNPATH_SEARCH_PATHS = (
					"$(inherited)",
					"@executable_path/Frameworks",
				);
				MARKETING_VERSION = 1.0;
				PRODUCT_BUNDLE_IDENTIFIER = com.codingwithnobody.myiosappthree.myiosappopencv;
				PRODUCT_NAME = "$(TARGET_NAME)";
				SWIFT_EMIT_LOC_STRINGS = YES;
				SWIFT_OBJC_BRIDGING_HEADER = "myiosappopencv/myiosappopencv-Bridging-Header.h";
				SWIFT_OPTIMIZATION_LEVEL = "-Onone";
				SWIFT_VERSION = 5.0;
				TARGETED_DEVICE_FAMILY = "1,2";
			};
			name = Debug;
		};
		AB0460802C152D9000A8D9CC /* Release */ = {
			isa = XCBuildConfiguration;
			buildSettings = {
				ASSETCATALOG_COMPILER_APPICON_NAME = AppIcon;
				ASSETCATALOG_COMPILER_GLOBAL_ACCENT_COLOR_NAME = AccentColor;
				CLANG_ENABLE_MODULES = YES;
				CODE_SIGN_STYLE = Automatic;
				CURRENT_PROJECT_VERSION = 1;
				DEVELOPMENT_TEAM = 8Q88B239RG;
				FRAMEWORK_SEARCH_PATHS = (
					"$(inherited)",
					"$(PROJECT_DIR)/myiosappopencv",
				);
				GENERATE_INFOPLIST_FILE = YES;
				INFOPLIST_FILE = myiosappopencv/Info.plist;
				INFOPLIST_KEY_UIApplicationSupportsIndirectInputEvents = YES;
				INFOPLIST_KEY_UILaunchStoryboardName = LaunchScreen;
				INFOPLIST_KEY_UIMainStoryboardFile = Main;
				INFOPLIST_KEY_UISupportedInterfaceOrientations_iPad = "UIInterfaceOrientationPortrait UIInterfaceOrientationPortraitUpsideDown UIInterfaceOrientationLandscapeLeft UIInterfaceOrientationLandscapeRight";
				INFOPLIST_KEY_UISupportedInterfaceOrientations_iPhone = "UIInterfaceOrientationPortrait UIInterfaceOrientationLandscapeLeft UIInterfaceOrientationLandscapeRight";
				IPHONEOS_DEPLOYMENT_TARGET = 16.0;
				LD_RUNPATH_SEARCH_PATHS = (
					"$(inherited)",
					"@executable_path/Frameworks",
				);
				MARKETING_VERSION = 1.0;
				PRODUCT_BUNDLE_IDENTIFIER = com.codingwithnobody.myiosappthree.myiosappopencv;
				PRODUCT_NAME = "$(TARGET_NAME)";
				SWIFT_EMIT_LOC_STRINGS = YES;
				SWIFT_OBJC_BRIDGING_HEADER = "myiosappopencv/myiosappopencv-Bridging-Header.h";
				SWIFT_VERSION = 5.0;
				TARGETED_DEVICE_FAMILY = "1,2";
			};
			name = Release;
		};
/* End XCBuildConfiguration section */

/* Begin XCConfigurationList section */
		AB0460652C152D8E00A8D9CC /* Build configuration list for PBXProject "myiosappopencv" */ = {
			isa = XCConfigurationList;
			buildConfigurations = (
				AB04607C2C152D9000A8D9CC /* Debug */,
				AB04607D2C152D9000A8D9CC /* Release */,
			);
			defaultConfigurationIsVisible = 0;
			defaultConfigurationName = Release;
		};
		AB04607E2C152D9000A8D9CC /* Build configuration list for PBXNativeTarget "myiosappopencv" */ = {
			isa = XCConfigurationList;
			buildConfigurations = (
				AB04607F2C152D9000A8D9CC /* Debug */,
				AB0460802C152D9000A8D9CC /* Release */,
			);
			defaultConfigurationIsVisible = 0;
			defaultConfigurationName = Release;
		};
/* End XCConfigurationList section */
	};
	rootObject = AB0460622C152D8E00A8D9CC /* Project object */;
}
